
Microsoft Visual Studio Solution File, Format Version 12.00
# Visual Studio Version 17
VisualStudioVersion = 17.3.32825.248
MinimumVisualStudioVersion = 10.0.40219.1
Project("{9A19103F-16F7-4668-BE54-9A1E7A4F7556}") = "EscapedCakeAPI", "EscapedCakeAPI\EscapedCakeAPI.csproj", "{BC69876F-F487-4E6B-A052-F6D090706C7F}"
	ProjectSection(ProjectDependencies) = postProject
		{095046FF-8AAE-4E2D-9D1E-505630430B21} = {095046FF-8AAE-4E2D-9D1E-505630430B21}
		{BCA0EF67-D168-4924-B91A-96EC8E6B472B} = {BCA0EF67-D168-4924-B91A-96EC8E6B472B}
	EndProjectSection
EndProject
Project("{2150E333-8FDC-42A3-9474-1A3956D46DE8}") = "DataBase", "DataBase", "{C3778BA5-08C1-4E85-B540-82EA43B9DD12}"
EndProject
Project("{2150E333-8FDC-42A3-9474-1A3956D46DE8}") = "API-BLL-DAL", "API-BLL-DAL", "{3045FA0F-A22A-4159-90E6-15595A4EF42F}"
EndProject
Project("{2150E333-8FDC-42A3-9474-1A3956D46DE8}") = "DAL", "DAL", "{885551D9-A1D5-4144-B8CB-75D6B34657DA}"
EndProject
Project("{2150E333-8FDC-42A3-9474-1A3956D46DE8}") = "BLL", "BLL", "{0C77EF58-F548-4AA8-99D7-B342F81D2204}"
EndProject
Project("{2150E333-8FDC-42A3-9474-1A3956D46DE8}") = "Tools", "Tools", "{93F20C73-D873-4E1B-9152-68FC9CF5A787}"
EndProject
Project("{9A19103F-16F7-4668-BE54-9A1E7A4F7556}") = "DBconnectionTool", "DBconnectionTool\DBconnectionTool.csproj", "{64D332BF-D6D3-4900-83A0-7511EF5CFE2C}"
EndProject
Project("{9A19103F-16F7-4668-BE54-9A1E7A4F7556}") = "DAL.EscapedCake", "DAL.EscapedCake\DAL.EscapedCake.csproj", "{095046FF-8AAE-4E2D-9D1E-505630430B21}"
	ProjectSection(ProjectDependencies) = postProject
		{64D332BF-D6D3-4900-83A0-7511EF5CFE2C} = {64D332BF-D6D3-4900-83A0-7511EF5CFE2C}
	EndProjectSection
EndProject
Project("{9A19103F-16F7-4668-BE54-9A1E7A4F7556}") = "BLL.EscapedCake", "BLL.EscapedCake\BLL.EscapedCake.csproj", "{BCA0EF67-D168-4924-B91A-96EC8E6B472B}"
	ProjectSection(ProjectDependencies) = postProject
		{095046FF-8AAE-4E2D-9D1E-505630430B21} = {095046FF-8AAE-4E2D-9D1E-505630430B21}
	EndProjectSection
EndProject
Project("{2150E333-8FDC-42A3-9474-1A3956D46DE8}") = "API", "API", "{F4F014F6-0207-4ECA-B7B8-8B1C377818B0}"
EndProject
Project("{00D1A9C2-B5F0-4AF3-8072-F6C62B433612}") = "ESCAPED.CAKE.DB", "ESCAPED.CAKE.DB\ESCAPED.CAKE.DB.sqlproj", "{2151F7C2-238A-4A49-A5B8-93B0F2CFAA7A}"
EndProject
Global
	GlobalSection(SolutionConfigurationPlatforms) = preSolution
		Debug|Any CPU = Debug|Any CPU
		Release|Any CPU = Release|Any CPU
	EndGlobalSection
	GlobalSection(ProjectConfigurationPlatforms) = postSolution
		{BC69876F-F487-4E6B-A052-F6D090706C7F}.Debug|Any CPU.ActiveCfg = Debug|Any CPU
		{BC69876F-F487-4E6B-A052-F6D090706C7F}.Debug|Any CPU.Build.0 = Debug|Any CPU
		{BC69876F-F487-4E6B-A052-F6D090706C7F}.Release|Any CPU.ActiveCfg = Release|Any CPU
		{BC69876F-F487-4E6B-A052-F6D090706C7F}.Release|Any CPU.Build.0 = Release|Any CPU
		{64D332BF-D6D3-4900-83A0-7511EF5CFE2C}.Debug|Any CPU.ActiveCfg = Debug|Any CPU
		{64D332BF-D6D3-4900-83A0-7511EF5CFE2C}.Debug|Any CPU.Build.0 = Debug|Any CPU
		{64D332BF-D6D3-4900-83A0-7511EF5CFE2C}.Release|Any CPU.ActiveCfg = Release|Any CPU
		{64D332BF-D6D3-4900-83A0-7511EF5CFE2C}.Release|Any CPU.Build.0 = Release|Any CPU
		{095046FF-8AAE-4E2D-9D1E-505630430B21}.Debug|Any CPU.ActiveCfg = Debug|Any CPU
		{095046FF-8AAE-4E2D-9D1E-505630430B21}.Debug|Any CPU.Build.0 = Debug|Any CPU
		{095046FF-8AAE-4E2D-9D1E-505630430B21}.Release|Any CPU.ActiveCfg = Release|Any CPU
		{095046FF-8AAE-4E2D-9D1E-505630430B21}.Release|Any CPU.Build.0 = Release|Any CPU
		{BCA0EF67-D168-4924-B91A-96EC8E6B472B}.Debug|Any CPU.ActiveCfg = Debug|Any CPU
		{BCA0EF67-D168-4924-B91A-96EC8E6B472B}.Debug|Any CPU.Build.0 = Debug|Any CPU
		{BCA0EF67-D168-4924-B91A-96EC8E6B472B}.Release|Any CPU.ActiveCfg = Release|Any CPU
		{BCA0EF67-D168-4924-B91A-96EC8E6B472B}.Release|Any CPU.Build.0 = Release|Any CPU
		{2151F7C2-238A-4A49-A5B8-93B0F2CFAA7A}.Debug|Any CPU.ActiveCfg = Debug|Any CPU
		{2151F7C2-238A-4A49-A5B8-93B0F2CFAA7A}.Debug|Any CPU.Build.0 = Debug|Any CPU
		{2151F7C2-238A-4A49-A5B8-93B0F2CFAA7A}.Debug|Any CPU.Deploy.0 = Debug|Any CPU
		{2151F7C2-238A-4A49-A5B8-93B0F2CFAA7A}.Release|Any CPU.ActiveCfg = Release|Any CPU
		{2151F7C2-238A-4A49-A5B8-93B0F2CFAA7A}.Release|Any CPU.Build.0 = Release|Any CPU
		{2151F7C2-238A-4A49-A5B8-93B0F2CFAA7A}.Release|Any CPU.Deploy.0 = Release|Any CPU
	EndGlobalSection
	GlobalSection(SolutionProperties) = preSolution
		HideSolutionNode = FALSE
	EndGlobalSection
	GlobalSection(NestedProjects) = preSolution
		{BC69876F-F487-4E6B-A052-F6D090706C7F} = {F4F014F6-0207-4ECA-B7B8-8B1C377818B0}
		{885551D9-A1D5-4144-B8CB-75D6B34657DA} = {3045FA0F-A22A-4159-90E6-15595A4EF42F}
		{0C77EF58-F548-4AA8-99D7-B342F81D2204} = {3045FA0F-A22A-4159-90E6-15595A4EF42F}
		{64D332BF-D6D3-4900-83A0-7511EF5CFE2C} = {93F20C73-D873-4E1B-9152-68FC9CF5A787}
		{095046FF-8AAE-4E2D-9D1E-505630430B21} = {885551D9-A1D5-4144-B8CB-75D6B34657DA}
		{BCA0EF67-D168-4924-B91A-96EC8E6B472B} = {0C77EF58-F548-4AA8-99D7-B342F81D2204}
		{F4F014F6-0207-4ECA-B7B8-8B1C377818B0} = {3045FA0F-A22A-4159-90E6-15595A4EF42F}
		{2151F7C2-238A-4A49-A5B8-93B0F2CFAA7A} = {C3778BA5-08C1-4E85-B540-82EA43B9DD12}
	EndGlobalSection
	GlobalSection(ExtensibilityGlobals) = postSolution
		SolutionGuid = {0959858D-05A4-4E07-B535-BDC35DEE1447}
	EndGlobalSection
EndGlobal
